
Microsoft Visual Studio Solution File, Format Version 12.00
# Visual Studio 15
VisualStudioVersion = 15.0.27703.2042
MinimumVisualStudioVersion = 10.0.40219.1
Project("{FAE04EC0-301F-11D3-BF4B-00C04F79EFBC}") = "Q.Lib", "Q.Lib\Q.Lib.csproj", "{1930D057-08B5-4448-AD0B-9183A1F41EDA}"
EndProject
Global
	GlobalSection(SolutionConfigurationPlatforms) = preSolution
		Debug|Any CPU = Debug|Any CPU
		Release|Any CPU = Release|Any CPU
	EndGlobalSection
	GlobalSection(ProjectConfigurationPlatforms) = postSolution
		{1930D057-08B5-4448-AD0B-9183A1F41EDA}.Debug|Any CPU.ActiveCfg = Debug|Any CPU
		{1930D057-08B5-4448-AD0B-9183A1F41EDA}.Debug|Any CPU.Build.0 = Debug|Any CPU
		{1930D057-08B5-4448-AD0B-9183A1F41EDA}.Release|Any CPU.ActiveCfg = Release|Any CPU
		{1930D057-08B5-4448-AD0B-9183A1F41EDA}.Release|Any CPU.Build.0 = Release|Any CPU
	EndGlobalSection
	GlobalSection(SolutionProperties) = preSolution
		HideSolutionNode = FALSE
	EndGlobalSection
	GlobalSection(ExtensibilityGlobals) = postSolution
		SolutionGuid = {CF47123E-0AEA-4956-BA13-62449196E968}
	EndGlobalSection
EndGlobal
